<?xml version="1.0" encoding="utf-8"?>
<Project ToolsVersion="4.0" xmlns="http://schemas.microsoft.com/developer/msbuild/2003">
  <ItemGroup>
    <ApplicationDefinition Include="App.xaml" />
  </ItemGroup>
  <ItemGroup>
    <Page Include="PhotoPage.xaml">
      <Filter>Pages</Filter>
    </Page>
    <Page Include="MainPage.xaml">
      <Filter>Pages</Filter>
    </Page>
    <Page Include="TileCreationPage.xaml">
      <Filter>Pages</Filter>
    </Page>
    <Page Include="VideoPage.xaml">
      <Filter>Pages</Filter>
    </Page>
  </ItemGroup>
  <ItemGroup>
    <Midl Include="App.idl" />
    <Midl Include="MainPage.idl" />
    <Midl Include="CapturingVideoEffect.idl" />
  </ItemGroup>
  <ItemGroup>
    <ClCompile Include="pch.cpp" />
    <ClCompile Include="App.cpp" />
    <ClCompile Include="MainPage.cpp" />
    <ClCompile Include="$(GeneratedFilesDir)module.g.cpp" />
    <ClCompile Include="TileUpdaterWrapper.cpp" />
    <ClCompile Include="CustomBuffer.cpp" />
    <ClCompile Include="TileImageGenerator.cpp" />
    <ClCompile Include="TileVideoPlayer.cpp" />
    <ClCompile Include="Config.cpp" />
    <ClCompile Include="SmallNumberTile.cpp">
      <Filter>Tiles\Small</Filter>
    </ClCompile>
    <ClCompile Include="SmallImageTile.cpp">
      <Filter>Tiles\Small</Filter>
    </ClCompile>
    <ClCompile Include="MediumNumberTile.cpp">
      <Filter>Tiles\Medium</Filter>
    </ClCompile>
    <ClCompile Include="MediumImageTile.cpp">
      <Filter>Tiles\Medium</Filter>
    </ClCompile>
    <ClCompile Include="LargeNumberTile.cpp">
      <Filter>Tiles\Large</Filter>
    </ClCompile>
    <ClCompile Include="LargeImageTile.cpp">
      <Filter>Tiles\Large</Filter>
    </ClCompile>
  </ItemGroup>
  <ItemGroup>
    <ClInclude Include="pch.h" />
    <ClInclude Include="TileUpdaterWrapper.h" />
    <ClInclude Include="CustomBuffer.h" />
    <ClInclude Include="TileImageGenerator.h" />
    <ClInclude Include="Config.h" />
    <ClInclude Include="TileVideoPlayer.h" />
    <ClInclude Include="SmallNumberTile.h">
      <Filter>Tiles\Small</Filter>
    </ClInclude>
    <ClInclude Include="SmallImageTile.h">
      <Filter>Tiles\Small</Filter>
    </ClInclude>
    <ClInclude Include="MediumNumberTile.h">
      <Filter>Tiles\Medium</Filter>
    </ClInclude>
    <ClInclude Include="MediumImageTile.h">
      <Filter>Tiles\Medium</Filter>
    </ClInclude>
    <ClInclude Include="LargeNumberTile.h">
      <Filter>Tiles\Large</Filter>
    </ClInclude>
    <ClInclude Include="LargeImageTile.h">
      <Filter>Tiles\Large</Filter>
    </ClInclude>
  </ItemGroup>
  <ItemGroup>
    <Image Include="Assets\Wide310x150Logo.scale-200.png">
      <Filter>Assets</Filter>
    </Image>
    <Image Include="Assets\StoreLogo.png">
      <Filter>Assets</Filter>
    </Image>
    <Image Include="Assets\Square150x150Logo.scale-200.png">
      <Filter>Assets</Filter>
    </Image>
    <Image Include="Assets\Square44x44Logo.targetsize-24_altform-unplated.png">
      <Filter>Assets</Filter>
    </Image>
    <Image Include="Assets\Square44x44Logo.scale-200.png">
      <Filter>Assets</Filter>
    </Image>
    <Image Include="Assets\SplashScreen.scale-200.png">
      <Filter>Assets</Filter>
    </Image>
    <Image Include="Assets\LockScreenLogo.scale-200.png">
      <Filter>Assets</Filter>
    </Image>
  </ItemGroup>
  <ItemGroup>
    <AppxManifest Include="Package.appxmanifest" />
  </ItemGroup>
  <ItemGroup>
    <Filter Include="Assets">
      <UniqueIdentifier>{e48dc53e-40b1-40cb-970a-f89935452892}</UniqueIdentifier>
    </Filter>
    <Filter Include="Pages">
      <UniqueIdentifier>{681d481b-faca-44a2-8a44-55156a9d367f}</UniqueIdentifier>
    </Filter>
    <Filter Include="Tiles">
      <UniqueIdentifier>{3cc40834-f432-4b2e-9ce3-17bf7209d2a7}</UniqueIdentifier>
    </Filter>
    <Filter Include="Tiles\Small">
      <UniqueIdentifier>{047c8fb7-dc3f-4521-a3be-554fedcc7c36}</UniqueIdentifier>
    </Filter>
    <Filter Include="Tiles\Medium">
      <UniqueIdentifier>{04c348bf-b53b-4698-8e66-eea8bf4ba6a5}</UniqueIdentifier>
    </Filter>
    <Filter Include="Tiles\Large">
      <UniqueIdentifier>{444e54cf-44fb-45d2-84c0-46bfc6b19b28}</UniqueIdentifier>
    </Filter>
  </ItemGroup>
  <ItemGroup>
    <None Include="PropertySheet.props" />
    <None Include="packages.config" />
    <None Include="licenses\LICENSE.txt" />
  </ItemGroup>
</Project>